
Microsoft Visual Studio Solution File, Format Version 12.00
# Visual Studio Version 17
VisualStudioVersion = 17.6.33829.357
MinimumVisualStudioVersion = 10.0.40219.1
Project("{FAE04EC0-301F-11D3-BF4B-00C04F79EFBC}") = "TaskMaster", "TaskMaster\TaskMaster.csproj", "{A0CBF7E2-A451-4A30-AEB8-313F86E34BF8}"
EndProject
Global
	GlobalSection(SolutionConfigurationPlatforms) = preSolution
		Debug|Any CPU = Debug|Any CPU
		Release|Any CPU = Release|Any CPU
	EndGlobalSection
	GlobalSection(ProjectConfigurationPlatforms) = postSolution
		{A0CBF7E2-A451-4A30-AEB8-313F86E34BF8}.Debug|Any CPU.ActiveCfg = Debug|Any CPU
		{A0CBF7E2-A451-4A30-AEB8-313F86E34BF8}.Debug|Any CPU.Build.0 = Debug|Any CPU
		{A0CBF7E2-A451-4A30-AEB8-313F86E34BF8}.Release|Any CPU.ActiveCfg = Release|Any CPU
		{A0CBF7E2-A451-4A30-AEB8-313F86E34BF8}.Release|Any CPU.Build.0 = Release|Any CPU
	EndGlobalSection
	GlobalSection(SolutionProperties) = preSolution
		HideSolutionNode = FALSE
	EndGlobalSection
	GlobalSection(ExtensibilityGlobals) = postSolution
		SolutionGuid = {F84DA732-A629-4FFC-BA2A-5886F774B68F}
	EndGlobalSection
EndGlobal
